// !$*UTF8*$!
{
	archiveVersion = 1;
	classes = {
	};
	objectVersion = 56;
	objects = {

/* Begin PBXBuildFile section */
		D1727131299F865000CB085F /* AppDelegate.swift in Sources */ = {isa = PBXBuildFile; fileRef = D1727130299F865000CB085F /* AppDelegate.swift */; };
		D1727133299F865000CB085F /* SceneDelegate.swift in Sources */ = {isa = PBXBuildFile; fileRef = D1727132299F865000CB085F /* SceneDelegate.swift */; };
		D1727136299F865000CB085F /* LaunchScreen.storyboard in Resources */ = {isa = PBXBuildFile; fileRef = D1727134299F865000CB085F /* LaunchScreen.storyboard */; };
		D1727139299F865000CB085F /* Main.storyboard in Resources */ = {isa = PBXBuildFile; fileRef = D1727137299F865000CB085F /* Main.storyboard */; };
		D1727142299F865000CB085F /* AppDelegate.swift in Sources */ = {isa = PBXBuildFile; fileRef = D1727141299F865000CB085F /* AppDelegate.swift */; };
		D1727145299F865000CB085F /* Main.storyboard in Resources */ = {isa = PBXBuildFile; fileRef = D1727143299F865000CB085F /* Main.storyboard */; };
		D172714C299F865000CB085F /* anori Extension.appex in Embed Foundation Extensions */ = {isa = PBXBuildFile; fileRef = D172714B299F865000CB085F /* anori Extension.appex */; settings = {ATTRIBUTES = (RemoveHeadersOnCopy, ); }; };
		D1727156299F865000CB085F /* anori Extension.appex in Embed Foundation Extensions */ = {isa = PBXBuildFile; fileRef = D1727155299F865000CB085F /* anori Extension.appex */; settings = {ATTRIBUTES = (RemoveHeadersOnCopy, ); }; };
		D172715C299F865000CB085F /* Main.html in Resources */ = {isa = PBXBuildFile; fileRef = D1727117299F864F00CB085F /* Main.html */; };
		D172715D299F865000CB085F /* Main.html in Resources */ = {isa = PBXBuildFile; fileRef = D1727117299F864F00CB085F /* Main.html */; };
		D172715E299F865000CB085F /* Icon.png in Resources */ = {isa = PBXBuildFile; fileRef = D1727119299F864F00CB085F /* Icon.png */; };
		D172715F299F865000CB085F /* Icon.png in Resources */ = {isa = PBXBuildFile; fileRef = D1727119299F864F00CB085F /* Icon.png */; };
		D1727160299F865000CB085F /* Style.css in Resources */ = {isa = PBXBuildFile; fileRef = D172711A299F864F00CB085F /* Style.css */; };
		D1727161299F865000CB085F /* Style.css in Resources */ = {isa = PBXBuildFile; fileRef = D172711A299F864F00CB085F /* Style.css */; };
		D1727162299F865000CB085F /* Script.js in Resources */ = {isa = PBXBuildFile; fileRef = D172711B299F864F00CB085F /* Script.js */; };
		D1727163299F865000CB085F /* Script.js in Resources */ = {isa = PBXBuildFile; fileRef = D172711B299F864F00CB085F /* Script.js */; };
		D1727164299F865000CB085F /* ViewController.swift in Sources */ = {isa = PBXBuildFile; fileRef = D172711C299F864F00CB085F /* ViewController.swift */; };
		D1727165299F865000CB085F /* ViewController.swift in Sources */ = {isa = PBXBuildFile; fileRef = D172711C299F864F00CB085F /* ViewController.swift */; };
		D1727166299F865000CB085F /* Assets.xcassets in Resources */ = {isa = PBXBuildFile; fileRef = D172711D299F865000CB085F /* Assets.xcassets */; };
		D1727167299F865000CB085F /* Assets.xcassets in Resources */ = {isa = PBXBuildFile; fileRef = D172711D299F865000CB085F /* Assets.xcassets */; };
		D1727168299F865000CB085F /* SafariWebExtensionHandler.swift in Sources */ = {isa = PBXBuildFile; fileRef = D172711F299F865000CB085F /* SafariWebExtensionHandler.swift */; };
		D1727169299F865000CB085F /* SafariWebExtensionHandler.swift in Sources */ = {isa = PBXBuildFile; fileRef = D172711F299F865000CB085F /* SafariWebExtensionHandler.swift */; };
		D1727197299F89BB00CB085F /* manifest.json in Resources */ = {isa = PBXBuildFile; fileRef = D1727196299F89BB00CB085F /* manifest.json */; };
		D1727198299F89BB00CB085F /* manifest.json in Resources */ = {isa = PBXBuildFile; fileRef = D1727196299F89BB00CB085F /* manifest.json */; };
		D1F6EB9F2A7443CC00FFAEEA /* libs in Resources */ = {isa = PBXBuildFile; fileRef = D1F6EB992A7443CC00FFAEEA /* libs */; };
		D1F6EBA02A7443CC00FFAEEA /* libs in Resources */ = {isa = PBXBuildFile; fileRef = D1F6EB992A7443CC00FFAEEA /* libs */; };
		D1F6EBA12A7443CC00FFAEEA /* _locales in Resources */ = {isa = PBXBuildFile; fileRef = D1F6EB9A2A7443CC00FFAEEA /* _locales */; };
		D1F6EBA22A7443CC00FFAEEA /* _locales in Resources */ = {isa = PBXBuildFile; fileRef = D1F6EB9A2A7443CC00FFAEEA /* _locales */; };
		D1F6EBA32A7443CC00FFAEEA /* pages in Resources */ = {isa = PBXBuildFile; fileRef = D1F6EB9B2A7443CC00FFAEEA /* pages */; };
		D1F6EBA42A7443CC00FFAEEA /* pages in Resources */ = {isa = PBXBuildFile; fileRef = D1F6EB9B2A7443CC00FFAEEA /* pages */; };
		D1F6EBA52A7443CC00FFAEEA /* background-wrapper.js in Resources */ = {isa = PBXBuildFile; fileRef = D1F6EB9C2A7443CC00FFAEEA /* background-wrapper.js */; };
		D1F6EBA62A7443CC00FFAEEA /* background-wrapper.js in Resources */ = {isa = PBXBuildFile; fileRef = D1F6EB9C2A7443CC00FFAEEA /* background-wrapper.js */; };
		D1F6EBA72A7443CC00FFAEEA /* background.js in Resources */ = {isa = PBXBuildFile; fileRef = D1F6EB9D2A7443CC00FFAEEA /* background.js */; };
		D1F6EBA82A7443CC00FFAEEA /* background.js in Resources */ = {isa = PBXBuildFile; fileRef = D1F6EB9D2A7443CC00FFAEEA /* background.js */; };
		D1F6EBA92A7443CC00FFAEEA /* assets in Resources */ = {isa = PBXBuildFile; fileRef = D1F6EB9E2A7443CC00FFAEEA /* assets */; };
		D1F6EBAA2A7443CC00FFAEEA /* assets in Resources */ = {isa = PBXBuildFile; fileRef = D1F6EB9E2A7443CC00FFAEEA /* assets */; };
		D1F6EBAC2A75616300FFAEEA /* scripts in Resources */ = {isa = PBXBuildFile; fileRef = D1F6EBAB2A75616300FFAEEA /* scripts */; };
		D1F6EBAD2A75616300FFAEEA /* scripts in Resources */ = {isa = PBXBuildFile; fileRef = D1F6EBAB2A75616300FFAEEA /* scripts */; };
/* End PBXBuildFile section */

/* Begin PBXContainerItemProxy section */
		D172714D299F865000CB085F /* PBXContainerItemProxy */ = {
			isa = PBXContainerItemProxy;
			containerPortal = D1727111299F864E00CB085F /* Project object */;
			proxyType = 1;
			remoteGlobalIDString = D172714A299F865000CB085F;
			remoteInfo = "anori Extension (iOS)";
		};
		D1727157299F865000CB085F /* PBXContainerItemProxy */ = {
			isa = PBXContainerItemProxy;
			containerPortal = D1727111299F864E00CB085F /* Project object */;
			proxyType = 1;
			remoteGlobalIDString = D1727154299F865000CB085F;
			remoteInfo = "anori Extension (macOS)";
		};
/* End PBXContainerItemProxy section */

/* Begin PBXCopyFilesBuildPhase section */
		D172717F299F865000CB085F /* Embed Foundation Extensions */ = {
			isa = PBXCopyFilesBuildPhase;
			buildActionMask = 2147483647;
			dstPath = "";
			dstSubfolderSpec = 13;
			files = (
				D172714C299F865000CB085F /* anori Extension.appex in Embed Foundation Extensions */,
			);
			name = "Embed Foundation Extensions";
			runOnlyForDeploymentPostprocessing = 0;
		};
		D1727186299F865000CB085F /* Embed Foundation Extensions */ = {
			isa = PBXCopyFilesBuildPhase;
			buildActionMask = 2147483647;
			dstPath = "";
			dstSubfolderSpec = 13;
			files = (
				D1727156299F865000CB085F /* anori Extension.appex in Embed Foundation Extensions */,
			);
			name = "Embed Foundation Extensions";
			runOnlyForDeploymentPostprocessing = 0;
		};
/* End PBXCopyFilesBuildPhase section */

/* Begin PBXFileReference section */
		D1727118299F864F00CB085F /* Base */ = {isa = PBXFileReference; lastKnownFileType = text.html; name = Base; path = ../Base.lproj/Main.html; sourceTree = "<group>"; };
		D1727119299F864F00CB085F /* Icon.png */ = {isa = PBXFileReference; lastKnownFileType = image.png; path = Icon.png; sourceTree = "<group>"; };
		D172711A299F864F00CB085F /* Style.css */ = {isa = PBXFileReference; lastKnownFileType = text.css; path = Style.css; sourceTree = "<group>"; };
		D172711B299F864F00CB085F /* Script.js */ = {isa = PBXFileReference; lastKnownFileType = sourcecode.javascript; path = Script.js; sourceTree = "<group>"; };
		D172711C299F864F00CB085F /* ViewController.swift */ = {isa = PBXFileReference; lastKnownFileType = sourcecode.swift; path = ViewController.swift; sourceTree = "<group>"; };
		D172711D299F865000CB085F /* Assets.xcassets */ = {isa = PBXFileReference; lastKnownFileType = folder.assetcatalog; path = Assets.xcassets; sourceTree = "<group>"; };
		D172711F299F865000CB085F /* SafariWebExtensionHandler.swift */ = {isa = PBXFileReference; lastKnownFileType = sourcecode.swift; path = SafariWebExtensionHandler.swift; sourceTree = "<group>"; };
		D172712D299F865000CB085F /* anori.app */ = {isa = PBXFileReference; explicitFileType = wrapper.application; includeInIndex = 0; path = anori.app; sourceTree = BUILT_PRODUCTS_DIR; };
		D1727130299F865000CB085F /* AppDelegate.swift */ = {isa = PBXFileReference; lastKnownFileType = sourcecode.swift; path = AppDelegate.swift; sourceTree = "<group>"; };
		D1727132299F865000CB085F /* SceneDelegate.swift */ = {isa = PBXFileReference; lastKnownFileType = sourcecode.swift; path = SceneDelegate.swift; sourceTree = "<group>"; };
		D1727135299F865000CB085F /* Base */ = {isa = PBXFileReference; lastKnownFileType = file.storyboard; name = Base; path = Base.lproj/LaunchScreen.storyboard; sourceTree = "<group>"; };
		D1727138299F865000CB085F /* Base */ = {isa = PBXFileReference; lastKnownFileType = file.storyboard; name = Base; path = Base.lproj/Main.storyboard; sourceTree = "<group>"; };
		D172713A299F865000CB085F /* Info.plist */ = {isa = PBXFileReference; lastKnownFileType = text.plist.xml; path = Info.plist; sourceTree = "<group>"; };
		D172713F299F865000CB085F /* anori.app */ = {isa = PBXFileReference; explicitFileType = wrapper.application; includeInIndex = 0; path = anori.app; sourceTree = BUILT_PRODUCTS_DIR; };
		D1727141299F865000CB085F /* AppDelegate.swift */ = {isa = PBXFileReference; lastKnownFileType = sourcecode.swift; path = AppDelegate.swift; sourceTree = "<group>"; };
		D1727144299F865000CB085F /* Base */ = {isa = PBXFileReference; lastKnownFileType = file.storyboard; name = Base; path = Base.lproj/Main.storyboard; sourceTree = "<group>"; };
		D1727146299F865000CB085F /* anori.entitlements */ = {isa = PBXFileReference; lastKnownFileType = text.plist.entitlements; path = anori.entitlements; sourceTree = "<group>"; };
		D172714B299F865000CB085F /* anori Extension.appex */ = {isa = PBXFileReference; explicitFileType = "wrapper.app-extension"; includeInIndex = 0; path = "anori Extension.appex"; sourceTree = BUILT_PRODUCTS_DIR; };
		D1727150299F865000CB085F /* Info.plist */ = {isa = PBXFileReference; lastKnownFileType = text.plist.xml; path = Info.plist; sourceTree = "<group>"; };
		D1727155299F865000CB085F /* anori Extension.appex */ = {isa = PBXFileReference; explicitFileType = "wrapper.app-extension"; includeInIndex = 0; path = "anori Extension.appex"; sourceTree = BUILT_PRODUCTS_DIR; };
		D172715A299F865000CB085F /* Info.plist */ = {isa = PBXFileReference; lastKnownFileType = text.plist.xml; path = Info.plist; sourceTree = "<group>"; };
		D172715B299F865000CB085F /* anori.entitlements */ = {isa = PBXFileReference; lastKnownFileType = text.plist.entitlements; path = anori.entitlements; sourceTree = "<group>"; };
		D1727196299F89BB00CB085F /* manifest.json */ = {isa = PBXFileReference; fileEncoding = 4; lastKnownFileType = text.json; path = manifest.json; sourceTree = "<group>"; };
		D1F6EB992A7443CC00FFAEEA /* libs */ = {isa = PBXFileReference; lastKnownFileType = folder; path = libs; sourceTree = "<group>"; };
		D1F6EB9A2A7443CC00FFAEEA /* _locales */ = {isa = PBXFileReference; lastKnownFileType = folder; path = _locales; sourceTree = "<group>"; };
		D1F6EB9B2A7443CC00FFAEEA /* pages */ = {isa = PBXFileReference; lastKnownFileType = folder; path = pages; sourceTree = "<group>"; };
		D1F6EB9C2A7443CC00FFAEEA /* background-wrapper.js */ = {isa = PBXFileReference; fileEncoding = 4; lastKnownFileType = sourcecode.javascript; path = "background-wrapper.js"; sourceTree = "<group>"; };
		D1F6EB9D2A7443CC00FFAEEA /* background.js */ = {isa = PBXFileReference; fileEncoding = 4; lastKnownFileType = sourcecode.javascript; path = background.js; sourceTree = "<group>"; };
		D1F6EB9E2A7443CC00FFAEEA /* assets */ = {isa = PBXFileReference; lastKnownFileType = folder; path = assets; sourceTree = "<group>"; };
		D1F6EBAB2A75616300FFAEEA /* scripts */ = {isa = PBXFileReference; lastKnownFileType = folder; path = scripts; sourceTree = "<group>"; };
/* End PBXFileReference section */

/* Begin PBXFrameworksBuildPhase section */
		D172712A299F865000CB085F /* Frameworks */ = {
			isa = PBXFrameworksBuildPhase;
			buildActionMask = 2147483647;
			files = (
			);
			runOnlyForDeploymentPostprocessing = 0;
		};
		D172713C299F865000CB085F /* Frameworks */ = {
			isa = PBXFrameworksBuildPhase;
			buildActionMask = 2147483647;
			files = (
			);
			runOnlyForDeploymentPostprocessing = 0;
		};
		D1727148299F865000CB085F /* Frameworks */ = {
			isa = PBXFrameworksBuildPhase;
			buildActionMask = 2147483647;
			files = (
			);
			runOnlyForDeploymentPostprocessing = 0;
		};
		D1727152299F865000CB085F /* Frameworks */ = {
			isa = PBXFrameworksBuildPhase;
			buildActionMask = 2147483647;
			files = (
			);
			runOnlyForDeploymentPostprocessing = 0;
		};
/* End PBXFrameworksBuildPhase section */

/* Begin PBXGroup section */
		D1727110299F864E00CB085F = {
			isa = PBXGroup;
			children = (
				D1727115299F864F00CB085F /* Shared (App) */,
				D172711E299F865000CB085F /* Shared (Extension) */,
				D172712F299F865000CB085F /* iOS (App) */,
				D1727140299F865000CB085F /* macOS (App) */,
				D172714F299F865000CB085F /* iOS (Extension) */,
				D1727159299F865000CB085F /* macOS (Extension) */,
				D172712E299F865000CB085F /* Products */,
			);
			sourceTree = "<group>";
		};
		D1727115299F864F00CB085F /* Shared (App) */ = {
			isa = PBXGroup;
			children = (
				D172711C299F864F00CB085F /* ViewController.swift */,
				D172711D299F865000CB085F /* Assets.xcassets */,
				D1727116299F864F00CB085F /* Resources */,
			);
			path = "Shared (App)";
			sourceTree = "<group>";
		};
		D1727116299F864F00CB085F /* Resources */ = {
			isa = PBXGroup;
			children = (
				D1727117299F864F00CB085F /* Main.html */,
				D1727119299F864F00CB085F /* Icon.png */,
				D172711A299F864F00CB085F /* Style.css */,
				D172711B299F864F00CB085F /* Script.js */,
			);
			path = Resources;
			sourceTree = "<group>";
		};
		D172711E299F865000CB085F /* Shared (Extension) */ = {
			isa = PBXGroup;
			children = (
				D172711F299F865000CB085F /* SafariWebExtensionHandler.swift */,
				D1727120299F865000CB085F /* Resources */,
			);
			path = "Shared (Extension)";
			sourceTree = "<group>";
		};
		D1727120299F865000CB085F /* Resources */ = {
			isa = PBXGroup;
			children = (
				D1F6EBAB2A75616300FFAEEA /* scripts */,
				D1F6EB9A2A7443CC00FFAEEA /* _locales */,
				D1F6EB9E2A7443CC00FFAEEA /* assets */,
				D1F6EB9C2A7443CC00FFAEEA /* background-wrapper.js */,
				D1F6EB9D2A7443CC00FFAEEA /* background.js */,
				D1F6EB992A7443CC00FFAEEA /* libs */,
				D1F6EB9B2A7443CC00FFAEEA /* pages */,
				D1727196299F89BB00CB085F /* manifest.json */,
			);
			path = Resources;
			sourceTree = "<group>";
		};
		D172712E299F865000CB085F /* Products */ = {
			isa = PBXGroup;
			children = (
				D172712D299F865000CB085F /* anori.app */,
				D172713F299F865000CB085F /* anori.app */,
				D172714B299F865000CB085F /* anori Extension.appex */,
				D1727155299F865000CB085F /* anori Extension.appex */,
			);
			name = Products;
			sourceTree = "<group>";
		};
		D172712F299F865000CB085F /* iOS (App) */ = {
			isa = PBXGroup;
			children = (
				D1727130299F865000CB085F /* AppDelegate.swift */,
				D1727132299F865000CB085F /* SceneDelegate.swift */,
				D1727134299F865000CB085F /* LaunchScreen.storyboard */,
				D1727137299F865000CB085F /* Main.storyboard */,
				D172713A299F865000CB085F /* Info.plist */,
			);
			path = "iOS (App)";
			sourceTree = "<group>";
		};
		D1727140299F865000CB085F /* macOS (App) */ = {
			isa = PBXGroup;
			children = (
				D1727141299F865000CB085F /* AppDelegate.swift */,
				D1727143299F865000CB085F /* Main.storyboard */,
				D1727146299F865000CB085F /* anori.entitlements */,
			);
			path = "macOS (App)";
			sourceTree = "<group>";
		};
		D172714F299F865000CB085F /* iOS (Extension) */ = {
			isa = PBXGroup;
			children = (
				D1727150299F865000CB085F /* Info.plist */,
			);
			path = "iOS (Extension)";
			sourceTree = "<group>";
		};
		D1727159299F865000CB085F /* macOS (Extension) */ = {
			isa = PBXGroup;
			children = (
				D172715A299F865000CB085F /* Info.plist */,
				D172715B299F865000CB085F /* anori.entitlements */,
			);
			path = "macOS (Extension)";
			sourceTree = "<group>";
		};
/* End PBXGroup section */

/* Begin PBXNativeTarget section */
		D172712C299F865000CB085F /* anori (iOS) */ = {
			isa = PBXNativeTarget;
			buildConfigurationList = D1727180299F865000CB085F /* Build configuration list for PBXNativeTarget "anori (iOS)" */;
			buildPhases = (
				D1727129299F865000CB085F /* Sources */,
				D172712A299F865000CB085F /* Frameworks */,
				D172712B299F865000CB085F /* Resources */,
				D172717F299F865000CB085F /* Embed Foundation Extensions */,
			);
			buildRules = (
			);
			dependencies = (
				D172714E299F865000CB085F /* PBXTargetDependency */,
			);
			name = "anori (iOS)";
			productName = "anori (iOS)";
			productReference = D172712D299F865000CB085F /* anori.app */;
			productType = "com.apple.product-type.application";
		};
		D172713E299F865000CB085F /* anori (macOS) */ = {
			isa = PBXNativeTarget;
			buildConfigurationList = D1727187299F865000CB085F /* Build configuration list for PBXNativeTarget "anori (macOS)" */;
			buildPhases = (
				D172713B299F865000CB085F /* Sources */,
				D172713C299F865000CB085F /* Frameworks */,
				D172713D299F865000CB085F /* Resources */,
				D1727186299F865000CB085F /* Embed Foundation Extensions */,
			);
			buildRules = (
			);
			dependencies = (
				D1727158299F865000CB085F /* PBXTargetDependency */,
			);
			name = "anori (macOS)";
			productName = "anori (macOS)";
			productReference = D172713F299F865000CB085F /* anori.app */;
			productType = "com.apple.product-type.application";
		};
		D172714A299F865000CB085F /* anori Extension (iOS) */ = {
			isa = PBXNativeTarget;
			buildConfigurationList = D172717C299F865000CB085F /* Build configuration list for PBXNativeTarget "anori Extension (iOS)" */;
			buildPhases = (
				D1727147299F865000CB085F /* Sources */,
				D1727148299F865000CB085F /* Frameworks */,
				D1727149299F865000CB085F /* Resources */,
			);
			buildRules = (
			);
			dependencies = (
			);
			name = "anori Extension (iOS)";
			productName = "anori Extension (iOS)";
			productReference = D172714B299F865000CB085F /* anori Extension.appex */;
			productType = "com.apple.product-type.app-extension";
		};
		D1727154299F865000CB085F /* anori Extension (macOS) */ = {
			isa = PBXNativeTarget;
			buildConfigurationList = D1727183299F865000CB085F /* Build configuration list for PBXNativeTarget "anori Extension (macOS)" */;
			buildPhases = (
				D1727151299F865000CB085F /* Sources */,
				D1727152299F865000CB085F /* Frameworks */,
				D1727153299F865000CB085F /* Resources */,
			);
			buildRules = (
			);
			dependencies = (
			);
			name = "anori Extension (macOS)";
			productName = "anori Extension (macOS)";
			productReference = D1727155299F865000CB085F /* anori Extension.appex */;
			productType = "com.apple.product-type.app-extension";
		};
/* End PBXNativeTarget section */

/* Begin PBXProject section */
		D1727111299F864E00CB085F /* Project object */ = {
			isa = PBXProject;
			attributes = {
				BuildIndependentTargetsInParallel = 1;
				LastSwiftUpdateCheck = 1410;
				LastUpgradeCheck = 1410;
				TargetAttributes = {
					D172712C299F865000CB085F = {
						CreatedOnToolsVersion = 14.1;
					};
					D172713E299F865000CB085F = {
						CreatedOnToolsVersion = 14.1;
					};
					D172714A299F865000CB085F = {
						CreatedOnToolsVersion = 14.1;
					};
					D1727154299F865000CB085F = {
						CreatedOnToolsVersion = 14.1;
					};
				};
			};
			buildConfigurationList = D1727114299F864E00CB085F /* Build configuration list for PBXProject "anori" */;
			compatibilityVersion = "Xcode 14.0";
			developmentRegion = en;
			hasScannedForEncodings = 0;
			knownRegions = (
				en,
				Base,
			);
			mainGroup = D1727110299F864E00CB085F;
			productRefGroup = D172712E299F865000CB085F /* Products */;
			projectDirPath = "";
			projectRoot = "";
			targets = (
				D172712C299F865000CB085F /* anori (iOS) */,
				D172713E299F865000CB085F /* anori (macOS) */,
				D172714A299F865000CB085F /* anori Extension (iOS) */,
				D1727154299F865000CB085F /* anori Extension (macOS) */,
			);
		};
/* End PBXProject section */

/* Begin PBXResourcesBuildPhase section */
		D172712B299F865000CB085F /* Resources */ = {
			isa = PBXResourcesBuildPhase;
			buildActionMask = 2147483647;
			files = (
				D172715E299F865000CB085F /* Icon.png in Resources */,
				D1727136299F865000CB085F /* LaunchScreen.storyboard in Resources */,
				D172715C299F865000CB085F /* Main.html in Resources */,
				D1727162299F865000CB085F /* Script.js in Resources */,
				D1727166299F865000CB085F /* Assets.xcassets in Resources */,
				D1727139299F865000CB085F /* Main.storyboard in Resources */,
				D1727160299F865000CB085F /* Style.css in Resources */,
			);
			runOnlyForDeploymentPostprocessing = 0;
		};
		D172713D299F865000CB085F /* Resources */ = {
			isa = PBXResourcesBuildPhase;
			buildActionMask = 2147483647;
			files = (
				D172715F299F865000CB085F /* Icon.png in Resources */,
				D1727161299F865000CB085F /* Style.css in Resources */,
				D1727145299F865000CB085F /* Main.storyboard in Resources */,
				D1727163299F865000CB085F /* Script.js in Resources */,
				D1727167299F865000CB085F /* Assets.xcassets in Resources */,
				D172715D299F865000CB085F /* Main.html in Resources */,
			);
			runOnlyForDeploymentPostprocessing = 0;
		};
		D1727149299F865000CB085F /* Resources */ = {
			isa = PBXResourcesBuildPhase;
			buildActionMask = 2147483647;
			files = (
				D1F6EBA12A7443CC00FFAEEA /* _locales in Resources */,
				D1F6EBA32A7443CC00FFAEEA /* pages in Resources */,
				D1F6EBA92A7443CC00FFAEEA /* assets in Resources */,
				D1F6EBA52A7443CC00FFAEEA /* background-wrapper.js in Resources */,
				D1F6EB9F2A7443CC00FFAEEA /* libs in Resources */,
				D1F6EBA72A7443CC00FFAEEA /* background.js in Resources */,
				D1727197299F89BB00CB085F /* manifest.json in Resources */,
				D1F6EBAC2A75616300FFAEEA /* scripts in Resources */,
			);
			runOnlyForDeploymentPostprocessing = 0;
		};
		D1727153299F865000CB085F /* Resources */ = {
			isa = PBXResourcesBuildPhase;
			buildActionMask = 2147483647;
			files = (
				D1F6EBA22A7443CC00FFAEEA /* _locales in Resources */,
				D1F6EBA42A7443CC00FFAEEA /* pages in Resources */,
				D1F6EBAA2A7443CC00FFAEEA /* assets in Resources */,
				D1F6EBA62A7443CC00FFAEEA /* background-wrapper.js in Resources */,
				D1F6EBA02A7443CC00FFAEEA /* libs in Resources */,
				D1F6EBA82A7443CC00FFAEEA /* background.js in Resources */,
				D1727198299F89BB00CB085F /* manifest.json in Resources */,
				D1F6EBAD2A75616300FFAEEA /* scripts in Resources */,
			);
			runOnlyForDeploymentPostprocessing = 0;
		};
/* End PBXResourcesBuildPhase section */

/* Begin PBXSourcesBuildPhase section */
		D1727129299F865000CB085F /* Sources */ = {
			isa = PBXSourcesBuildPhase;
			buildActionMask = 2147483647;
			files = (
				D1727164299F865000CB085F /* ViewController.swift in Sources */,
				D1727131299F865000CB085F /* AppDelegate.swift in Sources */,
				D1727133299F865000CB085F /* SceneDelegate.swift in Sources */,
			);
			runOnlyForDeploymentPostprocessing = 0;
		};
		D172713B299F865000CB085F /* Sources */ = {
			isa = PBXSourcesBuildPhase;
			buildActionMask = 2147483647;
			files = (
				D1727165299F865000CB085F /* ViewController.swift in Sources */,
				D1727142299F865000CB085F /* AppDelegate.swift in Sources */,
			);
			runOnlyForDeploymentPostprocessing = 0;
		};
		D1727147299F865000CB085F /* Sources */ = {
			isa = PBXSourcesBuildPhase;
			buildActionMask = 2147483647;
			files = (
				D1727168299F865000CB085F /* SafariWebExtensionHandler.swift in Sources */,
			);
			runOnlyForDeploymentPostprocessing = 0;
		};
		D1727151299F865000CB085F /* Sources */ = {
			isa = PBXSourcesBuildPhase;
			buildActionMask = 2147483647;
			files = (
				D1727169299F865000CB085F /* SafariWebExtensionHandler.swift in Sources */,
			);
			runOnlyForDeploymentPostprocessing = 0;
		};
/* End PBXSourcesBuildPhase section */

/* Begin PBXTargetDependency section */
		D172714E299F865000CB085F /* PBXTargetDependency */ = {
			isa = PBXTargetDependency;
			target = D172714A299F865000CB085F /* anori Extension (iOS) */;
			targetProxy = D172714D299F865000CB085F /* PBXContainerItemProxy */;
		};
		D1727158299F865000CB085F /* PBXTargetDependency */ = {
			isa = PBXTargetDependency;
			target = D1727154299F865000CB085F /* anori Extension (macOS) */;
			targetProxy = D1727157299F865000CB085F /* PBXContainerItemProxy */;
		};
/* End PBXTargetDependency section */

/* Begin PBXVariantGroup section */
		D1727117299F864F00CB085F /* Main.html */ = {
			isa = PBXVariantGroup;
			children = (
				D1727118299F864F00CB085F /* Base */,
			);
			name = Main.html;
			sourceTree = "<group>";
		};
		D1727134299F865000CB085F /* LaunchScreen.storyboard */ = {
			isa = PBXVariantGroup;
			children = (
				D1727135299F865000CB085F /* Base */,
			);
			name = LaunchScreen.storyboard;
			sourceTree = "<group>";
		};
		D1727137299F865000CB085F /* Main.storyboard */ = {
			isa = PBXVariantGroup;
			children = (
				D1727138299F865000CB085F /* Base */,
			);
			name = Main.storyboard;
			sourceTree = "<group>";
		};
		D1727143299F865000CB085F /* Main.storyboard */ = {
			isa = PBXVariantGroup;
			children = (
				D1727144299F865000CB085F /* Base */,
			);
			name = Main.storyboard;
			sourceTree = "<group>";
		};
/* End PBXVariantGroup section */

/* Begin XCBuildConfiguration section */
		D172717A299F865000CB085F /* Debug */ = {
			isa = XCBuildConfiguration;
			buildSettings = {
				ALWAYS_SEARCH_USER_PATHS = NO;
				CLANG_ANALYZER_NONNULL = YES;
				CLANG_ANALYZER_NUMBER_OBJECT_CONVERSION = YES_AGGRESSIVE;
				CLANG_CXX_LANGUAGE_STANDARD = "gnu++20";
				CLANG_ENABLE_MODULES = YES;
				CLANG_ENABLE_OBJC_ARC = YES;
				CLANG_ENABLE_OBJC_WEAK = YES;
				CLANG_WARN_BLOCK_CAPTURE_AUTORELEASING = YES;
				CLANG_WARN_BOOL_CONVERSION = YES;
				CLANG_WARN_COMMA = YES;
				CLANG_WARN_CONSTANT_CONVERSION = YES;
				CLANG_WARN_DEPRECATED_OBJC_IMPLEMENTATIONS = YES;
				CLANG_WARN_DIRECT_OBJC_ISA_USAGE = YES_ERROR;
				CLANG_WARN_DOCUMENTATION_COMMENTS = YES;
				CLANG_WARN_EMPTY_BODY = YES;
				CLANG_WARN_ENUM_CONVERSION = YES;
				CLANG_WARN_INFINITE_RECURSION = YES;
				CLANG_WARN_INT_CONVERSION = YES;
				CLANG_WARN_NON_LITERAL_NULL_CONVERSION = YES;
				CLANG_WARN_OBJC_IMPLICIT_RETAIN_SELF = YES;
				CLANG_WARN_OBJC_LITERAL_CONVERSION = YES;
				CLANG_WARN_OBJC_ROOT_CLASS = YES_ERROR;
				CLANG_WARN_QUOTED_INCLUDE_IN_FRAMEWORK_HEADER = YES;
				CLANG_WARN_RANGE_LOOP_ANALYSIS = YES;
				CLANG_WARN_STRICT_PROTOTYPES = YES;
				CLANG_WARN_SUSPICIOUS_MOVE = YES;
				CLANG_WARN_UNGUARDED_AVAILABILITY = YES_AGGRESSIVE;
				CLANG_WARN_UNREACHABLE_CODE = YES;
				CLANG_WARN__DUPLICATE_METHOD_MATCH = YES;
				COPY_PHASE_STRIP = NO;
				DEBUG_INFORMATION_FORMAT = dwarf;
				ENABLE_STRICT_OBJC_MSGSEND = YES;
				ENABLE_TESTABILITY = YES;
				GCC_C_LANGUAGE_STANDARD = gnu11;
				GCC_DYNAMIC_NO_PIC = NO;
				GCC_NO_COMMON_BLOCKS = YES;
				GCC_OPTIMIZATION_LEVEL = 0;
				GCC_PREPROCESSOR_DEFINITIONS = (
					"DEBUG=1",
					"$(inherited)",
				);
				GCC_WARN_64_TO_32_BIT_CONVERSION = YES;
				GCC_WARN_ABOUT_RETURN_TYPE = YES_ERROR;
				GCC_WARN_UNDECLARED_SELECTOR = YES;
				GCC_WARN_UNINITIALIZED_AUTOS = YES_AGGRESSIVE;
				GCC_WARN_UNUSED_FUNCTION = YES;
				GCC_WARN_UNUSED_VARIABLE = YES;
				MTL_ENABLE_DEBUG_INFO = INCLUDE_SOURCE;
				MTL_FAST_MATH = YES;
				ONLY_ACTIVE_ARCH = YES;
				SWIFT_ACTIVE_COMPILATION_CONDITIONS = DEBUG;
				SWIFT_OPTIMIZATION_LEVEL = "-Onone";
			};
			name = Debug;
		};
		D172717B299F865000CB085F /* Release */ = {
			isa = XCBuildConfiguration;
			buildSettings = {
				ALWAYS_SEARCH_USER_PATHS = NO;
				CLANG_ANALYZER_NONNULL = YES;
				CLANG_ANALYZER_NUMBER_OBJECT_CONVERSION = YES_AGGRESSIVE;
				CLANG_CXX_LANGUAGE_STANDARD = "gnu++20";
				CLANG_ENABLE_MODULES = YES;
				CLANG_ENABLE_OBJC_ARC = YES;
				CLANG_ENABLE_OBJC_WEAK = YES;
				CLANG_WARN_BLOCK_CAPTURE_AUTORELEASING = YES;
				CLANG_WARN_BOOL_CONVERSION = YES;
				CLANG_WARN_COMMA = YES;
				CLANG_WARN_CONSTANT_CONVERSION = YES;
				CLANG_WARN_DEPRECATED_OBJC_IMPLEMENTATIONS = YES;
				CLANG_WARN_DIRECT_OBJC_ISA_USAGE = YES_ERROR;
				CLANG_WARN_DOCUMENTATION_COMMENTS = YES;
				CLANG_WARN_EMPTY_BODY = YES;
				CLANG_WARN_ENUM_CONVERSION = YES;
				CLANG_WARN_INFINITE_RECURSION = YES;
				CLANG_WARN_INT_CONVERSION = YES;
				CLANG_WARN_NON_LITERAL_NULL_CONVERSION = YES;
				CLANG_WARN_OBJC_IMPLICIT_RETAIN_SELF = YES;
				CLANG_WARN_OBJC_LITERAL_CONVERSION = YES;
				CLANG_WARN_OBJC_ROOT_CLASS = YES_ERROR;
				CLANG_WARN_QUOTED_INCLUDE_IN_FRAMEWORK_HEADER = YES;
				CLANG_WARN_RANGE_LOOP_ANALYSIS = YES;
				CLANG_WARN_STRICT_PROTOTYPES = YES;
				CLANG_WARN_SUSPICIOUS_MOVE = YES;
				CLANG_WARN_UNGUARDED_AVAILABILITY = YES_AGGRESSIVE;
				CLANG_WARN_UNREACHABLE_CODE = YES;
				CLANG_WARN__DUPLICATE_METHOD_MATCH = YES;
				COPY_PHASE_STRIP = NO;
				DEBUG_INFORMATION_FORMAT = "dwarf-with-dsym";
				ENABLE_NS_ASSERTIONS = NO;
				ENABLE_STRICT_OBJC_MSGSEND = YES;
				GCC_C_LANGUAGE_STANDARD = gnu11;
				GCC_NO_COMMON_BLOCKS = YES;
				GCC_WARN_64_TO_32_BIT_CONVERSION = YES;
				GCC_WARN_ABOUT_RETURN_TYPE = YES_ERROR;
				GCC_WARN_UNDECLARED_SELECTOR = YES;
				GCC_WARN_UNINITIALIZED_AUTOS = YES_AGGRESSIVE;
				GCC_WARN_UNUSED_FUNCTION = YES;
				GCC_WARN_UNUSED_VARIABLE = YES;
				MTL_ENABLE_DEBUG_INFO = NO;
				MTL_FAST_MATH = YES;
				SWIFT_COMPILATION_MODE = wholemodule;
				SWIFT_OPTIMIZATION_LEVEL = "-O";
			};
			name = Release;
		};
		D172717D299F865000CB085F /* Debug */ = {
			isa = XCBuildConfiguration;
			buildSettings = {
				CODE_SIGN_STYLE = Automatic;
				CURRENT_PROJECT_VERSION = 1;
				DEVELOPMENT_TEAM = 6W97JP88X4;
				GENERATE_INFOPLIST_FILE = YES;
				INFOPLIST_FILE = "iOS (Extension)/Info.plist";
				INFOPLIST_KEY_CFBundleDisplayName = "anori Extension";
				INFOPLIST_KEY_NSHumanReadableCopyright = "";
				IPHONEOS_DEPLOYMENT_TARGET = 15.0;
				LD_RUNPATH_SEARCH_PATHS = (
					"$(inherited)",
					"@executable_path/Frameworks",
					"@executable_path/../../Frameworks",
				);
				MARKETING_VERSION = 1.0;
				OTHER_LDFLAGS = (
					"-framework",
					SafariServices,
				);
				PRODUCT_BUNDLE_IDENTIFIER = com.olegwock.anori.Extension;
				PRODUCT_NAME = "anori Extension";
				SDKROOT = iphoneos;
				SKIP_INSTALL = YES;
				SWIFT_EMIT_LOC_STRINGS = YES;
				SWIFT_VERSION = 5.0;
				TARGETED_DEVICE_FAMILY = "1,2";
			};
			name = Debug;
		};
		D172717E299F865000CB085F /* Release */ = {
			isa = XCBuildConfiguration;
			buildSettings = {
				CODE_SIGN_STYLE = Automatic;
				CURRENT_PROJECT_VERSION = 1;
				DEVELOPMENT_TEAM = 6W97JP88X4;
				GENERATE_INFOPLIST_FILE = YES;
				INFOPLIST_FILE = "iOS (Extension)/Info.plist";
				INFOPLIST_KEY_CFBundleDisplayName = "anori Extension";
				INFOPLIST_KEY_NSHumanReadableCopyright = "";
				IPHONEOS_DEPLOYMENT_TARGET = 15.0;
				LD_RUNPATH_SEARCH_PATHS = (
					"$(inherited)",
					"@executable_path/Frameworks",
					"@executable_path/../../Frameworks",
				);
				MARKETING_VERSION = 1.0;
				OTHER_LDFLAGS = (
					"-framework",
					SafariServices,
				);
				PRODUCT_BUNDLE_IDENTIFIER = com.olegwock.anori.Extension;
				PRODUCT_NAME = "anori Extension";
				SDKROOT = iphoneos;
				SKIP_INSTALL = YES;
				SWIFT_EMIT_LOC_STRINGS = YES;
				SWIFT_VERSION = 5.0;
				TARGETED_DEVICE_FAMILY = "1,2";
				VALIDATE_PRODUCT = YES;
			};
			name = Release;
		};
		D1727181299F865000CB085F /* Debug */ = {
			isa = XCBuildConfiguration;
			buildSettings = {
				ALWAYS_EMBED_SWIFT_STANDARD_LIBRARIES = YES;
				ASSETCATALOG_COMPILER_APPICON_NAME = AppIcon;
				ASSETCATALOG_COMPILER_GLOBAL_ACCENT_COLOR_NAME = AccentColor;
				CODE_SIGN_STYLE = Automatic;
				CURRENT_PROJECT_VERSION = 1;
				DEVELOPMENT_TEAM = 6W97JP88X4;
				GENERATE_INFOPLIST_FILE = YES;
				INFOPLIST_FILE = "iOS (App)/Info.plist";
				INFOPLIST_KEY_CFBundleDisplayName = Anori;
				INFOPLIST_KEY_UIApplicationSupportsIndirectInputEvents = YES;
				INFOPLIST_KEY_UILaunchStoryboardName = LaunchScreen;
				INFOPLIST_KEY_UIMainStoryboardFile = Main;
				INFOPLIST_KEY_UISupportedInterfaceOrientations = "UIInterfaceOrientationPortrait UIInterfaceOrientationLandscapeLeft UIInterfaceOrientationLandscapeRight";
				INFOPLIST_KEY_UISupportedInterfaceOrientations_iPad = "UIInterfaceOrientationPortrait UIInterfaceOrientationPortraitUpsideDown UIInterfaceOrientationLandscapeLeft UIInterfaceOrientationLandscapeRight";
				IPHONEOS_DEPLOYMENT_TARGET = 15.2;
				LD_RUNPATH_SEARCH_PATHS = (
					"$(inherited)",
					"@executable_path/Frameworks",
				);
				MARKETING_VERSION = 1.0;
				OTHER_LDFLAGS = (
					"-framework",
					SafariServices,
					"-framework",
					WebKit,
				);
				PRODUCT_BUNDLE_IDENTIFIER = com.olegwock.anori;
				PRODUCT_NAME = anori;
				SDKROOT = iphoneos;
				SUPPORTED_PLATFORMS = "iphoneos iphonesimulator";
				SUPPORTS_MACCATALYST = NO;
				SUPPORTS_MAC_DESIGNED_FOR_IPHONE_IPAD = YES;
				SWIFT_EMIT_LOC_STRINGS = YES;
				SWIFT_VERSION = 5.0;
				TARGETED_DEVICE_FAMILY = 2;
			};
			name = Debug;
		};
		D1727182299F865000CB085F /* Release */ = {
			isa = XCBuildConfiguration;
			buildSettings = {
				ALWAYS_EMBED_SWIFT_STANDARD_LIBRARIES = YES;
				ASSETCATALOG_COMPILER_APPICON_NAME = AppIcon;
				ASSETCATALOG_COMPILER_GLOBAL_ACCENT_COLOR_NAME = AccentColor;
				CODE_SIGN_STYLE = Automatic;
				CURRENT_PROJECT_VERSION = 1;
				DEVELOPMENT_TEAM = 6W97JP88X4;
				GENERATE_INFOPLIST_FILE = YES;
				INFOPLIST_FILE = "iOS (App)/Info.plist";
				INFOPLIST_KEY_CFBundleDisplayName = Anori;
				INFOPLIST_KEY_UIApplicationSupportsIndirectInputEvents = YES;
				INFOPLIST_KEY_UILaunchStoryboardName = LaunchScreen;
				INFOPLIST_KEY_UIMainStoryboardFile = Main;
				INFOPLIST_KEY_UISupportedInterfaceOrientations = "UIInterfaceOrientationPortrait UIInterfaceOrientationLandscapeLeft UIInterfaceOrientationLandscapeRight";
				INFOPLIST_KEY_UISupportedInterfaceOrientations_iPad = "UIInterfaceOrientationPortrait UIInterfaceOrientationPortraitUpsideDown UIInterfaceOrientationLandscapeLeft UIInterfaceOrientationLandscapeRight";
				IPHONEOS_DEPLOYMENT_TARGET = 15.2;
				LD_RUNPATH_SEARCH_PATHS = (
					"$(inherited)",
					"@executable_path/Frameworks",
				);
				MARKETING_VERSION = 1.0;
				OTHER_LDFLAGS = (
					"-framework",
					SafariServices,
					"-framework",
					WebKit,
				);
				PRODUCT_BUNDLE_IDENTIFIER = com.olegwock.anori;
				PRODUCT_NAME = anori;
				SDKROOT = iphoneos;
				SUPPORTED_PLATFORMS = "iphoneos iphonesimulator";
				SUPPORTS_MACCATALYST = NO;
				SUPPORTS_MAC_DESIGNED_FOR_IPHONE_IPAD = YES;
				SWIFT_EMIT_LOC_STRINGS = YES;
				SWIFT_VERSION = 5.0;
				TARGETED_DEVICE_FAMILY = 2;
				VALIDATE_PRODUCT = YES;
			};
			name = Release;
		};
		D1727184299F865000CB085F /* Debug */ = {
			isa = XCBuildConfiguration;
			buildSettings = {
				CODE_SIGN_ENTITLEMENTS = "macOS (Extension)/anori.entitlements";
				CODE_SIGN_STYLE = Automatic;
				CURRENT_PROJECT_VERSION = 1;
				DEVELOPMENT_TEAM = 6W97JP88X4;
				ENABLE_HARDENED_RUNTIME = YES;
				GENERATE_INFOPLIST_FILE = YES;
				INFOPLIST_FILE = "macOS (Extension)/Info.plist";
				INFOPLIST_KEY_CFBundleDisplayName = "anori Extension";
				INFOPLIST_KEY_NSHumanReadableCopyright = "";
				LD_RUNPATH_SEARCH_PATHS = (
					"$(inherited)",
					"@executable_path/../Frameworks",
					"@executable_path/../../../../Frameworks",
				);
				MACOSX_DEPLOYMENT_TARGET = 10.14;
				MARKETING_VERSION = 1.0;
				OTHER_LDFLAGS = (
					"-framework",
					SafariServices,
				);
				PRODUCT_BUNDLE_IDENTIFIER = com.olegwock.anori.Extension;
				PRODUCT_NAME = "anori Extension";
				SDKROOT = macosx;
				SKIP_INSTALL = YES;
				SWIFT_EMIT_LOC_STRINGS = YES;
				SWIFT_VERSION = 5.0;
			};
			name = Debug;
		};
		D1727185299F865000CB085F /* Release */ = {
			isa = XCBuildConfiguration;
			buildSettings = {
				CODE_SIGN_ENTITLEMENTS = "macOS (Extension)/anori.entitlements";
				CODE_SIGN_STYLE = Automatic;
				CURRENT_PROJECT_VERSION = 1;
				DEVELOPMENT_TEAM = 6W97JP88X4;
				ENABLE_HARDENED_RUNTIME = YES;
				GENERATE_INFOPLIST_FILE = YES;
				INFOPLIST_FILE = "macOS (Extension)/Info.plist";
				INFOPLIST_KEY_CFBundleDisplayName = "anori Extension";
				INFOPLIST_KEY_NSHumanReadableCopyright = "";
				LD_RUNPATH_SEARCH_PATHS = (
					"$(inherited)",
					"@executable_path/../Frameworks",
					"@executable_path/../../../../Frameworks",
				);
				MACOSX_DEPLOYMENT_TARGET = 10.14;
				MARKETING_VERSION = 1.0;
				OTHER_LDFLAGS = (
					"-framework",
					SafariServices,
				);
				PRODUCT_BUNDLE_IDENTIFIER = com.olegwock.anori.Extension;
				PRODUCT_NAME = "anori Extension";
				SDKROOT = macosx;
				SKIP_INSTALL = YES;
				SWIFT_EMIT_LOC_STRINGS = YES;
				SWIFT_VERSION = 5.0;
			};
			name = Release;
		};
		D1727188299F865000CB085F /* Debug */ = {
			isa = XCBuildConfiguration;
			buildSettings = {
				ALWAYS_EMBED_SWIFT_STANDARD_LIBRARIES = YES;
				ASSETCATALOG_COMPILER_APPICON_NAME = AppIcon;
				ASSETCATALOG_COMPILER_GLOBAL_ACCENT_COLOR_NAME = AccentColor;
				CODE_SIGN_ENTITLEMENTS = "macOS (App)/anori.entitlements";
				CODE_SIGN_STYLE = Automatic;
				CURRENT_PROJECT_VERSION = 1;
				DEVELOPMENT_TEAM = 6W97JP88X4;
				ENABLE_HARDENED_RUNTIME = YES;
				GENERATE_INFOPLIST_FILE = YES;
				INFOPLIST_KEY_CFBundleDisplayName = anori;
				INFOPLIST_KEY_NSMainStoryboardFile = Main;
				INFOPLIST_KEY_NSPrincipalClass = NSApplication;
				LD_RUNPATH_SEARCH_PATHS = (
					"$(inherited)",
					"@executable_path/../Frameworks",
				);
				MACOSX_DEPLOYMENT_TARGET = 10.14;
				MARKETING_VERSION = 1.0;
				OTHER_LDFLAGS = (
					"-framework",
					SafariServices,
					"-framework",
					WebKit,
				);
				PRODUCT_BUNDLE_IDENTIFIER = com.olegwock.anori;
				PRODUCT_NAME = anori;
				SDKROOT = macosx;
				SWIFT_EMIT_LOC_STRINGS = YES;
				SWIFT_VERSION = 5.0;
			};
			name = Debug;
		};
		D1727189299F865000CB085F /* Release */ = {
			isa = XCBuildConfiguration;
			buildSettings = {
				ALWAYS_EMBED_SWIFT_STANDARD_LIBRARIES = YES;
				ASSETCATALOG_COMPILER_APPICON_NAME = AppIcon;
				ASSETCATALOG_COMPILER_GLOBAL_ACCENT_COLOR_NAME = AccentColor;
				CODE_SIGN_ENTITLEMENTS = "macOS (App)/anori.entitlements";
				CODE_SIGN_STYLE = Automatic;
				CURRENT_PROJECT_VERSION = 1;
				DEVELOPMENT_TEAM = 6W97JP88X4;
				ENABLE_HARDENED_RUNTIME = YES;
				GENERATE_INFOPLIST_FILE = YES;
				INFOPLIST_KEY_CFBundleDisplayName = anori;
				INFOPLIST_KEY_NSMainStoryboardFile = Main;
				INFOPLIST_KEY_NSPrincipalClass = NSApplication;
				LD_RUNPATH_SEARCH_PATHS = (
					"$(inherited)",
					"@executable_path/../Frameworks",
				);
				MACOSX_DEPLOYMENT_TARGET = 10.14;
				MARKETING_VERSION = 1.0;
				OTHER_LDFLAGS = (
					"-framework",
					SafariServices,
					"-framework",
					WebKit,
				);
				PRODUCT_BUNDLE_IDENTIFIER = com.olegwock.anori;
				PRODUCT_NAME = anori;
				SDKROOT = macosx;
				SWIFT_EMIT_LOC_STRINGS = YES;
				SWIFT_VERSION = 5.0;
			};
			name = Release;
		};
/* End XCBuildConfiguration section */

/* Begin XCConfigurationList section */
		D1727114299F864E00CB085F /* Build configuration list for PBXProject "anori" */ = {
			isa = XCConfigurationList;
			buildConfigurations = (
				D172717A299F865000CB085F /* Debug */,
				D172717B299F865000CB085F /* Release */,
			);
			defaultConfigurationIsVisible = 0;
			defaultConfigurationName = Release;
		};
		D172717C299F865000CB085F /* Build configuration list for PBXNativeTarget "anori Extension (iOS)" */ = {
			isa = XCConfigurationList;
			buildConfigurations = (
				D172717D299F865000CB085F /* Debug */,
				D172717E299F865000CB085F /* Release */,
			);
			defaultConfigurationIsVisible = 0;
			defaultConfigurationName = Release;
		};
		D1727180299F865000CB085F /* Build configuration list for PBXNativeTarget "anori (iOS)" */ = {
			isa = XCConfigurationList;
			buildConfigurations = (
				D1727181299F865000CB085F /* Debug */,
				D1727182299F865000CB085F /* Release */,
			);
			defaultConfigurationIsVisible = 0;
			defaultConfigurationName = Release;
		};
		D1727183299F865000CB085F /* Build configuration list for PBXNativeTarget "anori Extension (macOS)" */ = {
			isa = XCConfigurationList;
			buildConfigurations = (
				D1727184299F865000CB085F /* Debug */,
				D1727185299F865000CB085F /* Release */,
			);
			defaultConfigurationIsVisible = 0;
			defaultConfigurationName = Release;
		};
		D1727187299F865000CB085F /* Build configuration list for PBXNativeTarget "anori (macOS)" */ = {
			isa = XCConfigurationList;
			buildConfigurations = (
				D1727188299F865000CB085F /* Debug */,
				D1727189299F865000CB085F /* Release */,
			);
			defaultConfigurationIsVisible = 0;
			defaultConfigurationName = Release;
		};
/* End XCConfigurationList section */
	};
	rootObject = D1727111299F864E00CB085F /* Project object */;
}
